
Microsoft Visual Studio Solution File, Format Version 12.00
# Visual Studio Version 16
VisualStudioVersion = 16.0.29911.84
MinimumVisualStudioVersion = 10.0.40219.1
Project("{FAE04EC0-301F-11D3-BF4B-00C04F79EFBC}") = "events", "events.csproj", "{6F03F7A4-1171-4D89-A128-B1638741483B}"
EndProject
Global
	GlobalSection(SolutionConfigurationPlatforms) = preSolution
		Debug|Any CPU = Debug|Any CPU
		Release|Any CPU = Release|Any CPU
	EndGlobalSection
	GlobalSection(ProjectConfigurationPlatforms) = postSolution
		{6F03F7A4-1171-4D89-A128-B1638741483B}.Debug|Any CPU.ActiveCfg = Debug|Any CPU
		{6F03F7A4-1171-4D89-A128-B1638741483B}.Debug|Any CPU.Build.0 = Debug|Any CPU
		{6F03F7A4-1171-4D89-A128-B1638741483B}.Release|Any CPU.ActiveCfg = Release|Any CPU
		{6F03F7A4-1171-4D89-A128-B1638741483B}.Release|Any CPU.Build.0 = Release|Any CPU
	EndGlobalSection
	GlobalSection(SolutionProperties) = preSolution
		HideSolutionNode = FALSE
	EndGlobalSection
	GlobalSection(ExtensibilityGlobals) = postSolution
		SolutionGuid = {4E5F860B-865B-40E6-957D-CFC4F8B6A27C}
	EndGlobalSection
EndGlobal
